
Microsoft Visual Studio Solution File, Format Version 12.00
# Visual Studio Version 17
VisualStudioVersion = 17.2.32630.192
MinimumVisualStudioVersion = 10.0.40219.1
Project("{FAE04EC0-301F-11D3-BF4B-00C04F79EFBC}") = "Ecommerce.Customer", "Ecommerce.Customer\Ecommerce.Customer.csproj", "{351E23FF-2F4A-4BC4-B5CE-B541E3D01BCD}"
EndProject
Project("{FAE04EC0-301F-11D3-BF4B-00C04F79EFBC}") = "Domain", "Domain\Domain.csproj", "{42CA1A9A-0206-493A-94AB-B3D9DF48894F}"
EndProject
Project("{2150E333-8FDC-42A3-9474-1A3956D46DE8}") = "API", "API", "{2F5FF3D3-29A7-4DAE-8C0A-AB2212A5099A}"
EndProject
Project("{2150E333-8FDC-42A3-9474-1A3956D46DE8}") = "Domain", "Domain", "{3B5E5BF3-D579-4FAB-B0E1-D54F9EB1E569}"
EndProject
Project("{2150E333-8FDC-42A3-9474-1A3956D46DE8}") = "Repository", "Repository", "{B4A8AB11-6927-4096-B542-9D0C6010A992}"
EndProject
Project("{FAE04EC0-301F-11D3-BF4B-00C04F79EFBC}") = "Repository", "Repository\Repository.csproj", "{FC632C1E-6436-40EC-8DC7-C1C3786C2050}"
EndProject
Project("{2150E333-8FDC-42A3-9474-1A3956D46DE8}") = "Service", "Service", "{20E4C159-1E02-4C3D-A312-B58CB395BAF0}"
EndProject
Project("{FAE04EC0-301F-11D3-BF4B-00C04F79EFBC}") = "Service", "Service\Service.csproj", "{7575AA92-B9D1-4D2F-AED7-3994C8E53016}"
EndProject
Project("{2150E333-8FDC-42A3-9474-1A3956D46DE8}") = "Infraestrutura", "Infraestrutura", "{38B44D66-393C-4F7F-A5ED-19CD58BAF588}"
EndProject
Project("{FAE04EC0-301F-11D3-BF4B-00C04F79EFBC}") = "Infraestrutura", "Infraestrutura\Infraestrutura.csproj", "{6430B7B6-0558-45C6-954D-881D421A3BBC}"
EndProject
Global
	GlobalSection(SolutionConfigurationPlatforms) = preSolution
		Debug|Any CPU = Debug|Any CPU
		Release|Any CPU = Release|Any CPU
	EndGlobalSection
	GlobalSection(ProjectConfigurationPlatforms) = postSolution
		{351E23FF-2F4A-4BC4-B5CE-B541E3D01BCD}.Debug|Any CPU.ActiveCfg = Debug|Any CPU
		{351E23FF-2F4A-4BC4-B5CE-B541E3D01BCD}.Debug|Any CPU.Build.0 = Debug|Any CPU
		{351E23FF-2F4A-4BC4-B5CE-B541E3D01BCD}.Release|Any CPU.ActiveCfg = Release|Any CPU
		{351E23FF-2F4A-4BC4-B5CE-B541E3D01BCD}.Release|Any CPU.Build.0 = Release|Any CPU
		{42CA1A9A-0206-493A-94AB-B3D9DF48894F}.Debug|Any CPU.ActiveCfg = Debug|Any CPU
		{42CA1A9A-0206-493A-94AB-B3D9DF48894F}.Debug|Any CPU.Build.0 = Debug|Any CPU
		{42CA1A9A-0206-493A-94AB-B3D9DF48894F}.Release|Any CPU.ActiveCfg = Release|Any CPU
		{42CA1A9A-0206-493A-94AB-B3D9DF48894F}.Release|Any CPU.Build.0 = Release|Any CPU
		{FC632C1E-6436-40EC-8DC7-C1C3786C2050}.Debug|Any CPU.ActiveCfg = Debug|Any CPU
		{FC632C1E-6436-40EC-8DC7-C1C3786C2050}.Debug|Any CPU.Build.0 = Debug|Any CPU
		{FC632C1E-6436-40EC-8DC7-C1C3786C2050}.Release|Any CPU.ActiveCfg = Release|Any CPU
		{FC632C1E-6436-40EC-8DC7-C1C3786C2050}.Release|Any CPU.Build.0 = Release|Any CPU
		{7575AA92-B9D1-4D2F-AED7-3994C8E53016}.Debug|Any CPU.ActiveCfg = Debug|Any CPU
		{7575AA92-B9D1-4D2F-AED7-3994C8E53016}.Debug|Any CPU.Build.0 = Debug|Any CPU
		{7575AA92-B9D1-4D2F-AED7-3994C8E53016}.Release|Any CPU.ActiveCfg = Release|Any CPU
		{7575AA92-B9D1-4D2F-AED7-3994C8E53016}.Release|Any CPU.Build.0 = Release|Any CPU
		{6430B7B6-0558-45C6-954D-881D421A3BBC}.Debug|Any CPU.ActiveCfg = Debug|Any CPU
		{6430B7B6-0558-45C6-954D-881D421A3BBC}.Debug|Any CPU.Build.0 = Debug|Any CPU
		{6430B7B6-0558-45C6-954D-881D421A3BBC}.Release|Any CPU.ActiveCfg = Release|Any CPU
		{6430B7B6-0558-45C6-954D-881D421A3BBC}.Release|Any CPU.Build.0 = Release|Any CPU
	EndGlobalSection
	GlobalSection(SolutionProperties) = preSolution
		HideSolutionNode = FALSE
	EndGlobalSection
	GlobalSection(NestedProjects) = preSolution
		{351E23FF-2F4A-4BC4-B5CE-B541E3D01BCD} = {2F5FF3D3-29A7-4DAE-8C0A-AB2212A5099A}
		{42CA1A9A-0206-493A-94AB-B3D9DF48894F} = {3B5E5BF3-D579-4FAB-B0E1-D54F9EB1E569}
		{FC632C1E-6436-40EC-8DC7-C1C3786C2050} = {B4A8AB11-6927-4096-B542-9D0C6010A992}
		{7575AA92-B9D1-4D2F-AED7-3994C8E53016} = {20E4C159-1E02-4C3D-A312-B58CB395BAF0}
		{6430B7B6-0558-45C6-954D-881D421A3BBC} = {38B44D66-393C-4F7F-A5ED-19CD58BAF588}
	EndGlobalSection
	GlobalSection(ExtensibilityGlobals) = postSolution
		SolutionGuid = {053FB170-B2D2-4240-B7F9-91E037B79537}
	EndGlobalSection
EndGlobal
